{
  "requires": true,
  "lockfileVersion": 1,
  "dependencies": {
    "sweetalert2": {
      "version": "9.10.9",
      "resolved": "https://registry.npmjs.org/sweetalert2/-/sweetalert2-9.10.9.tgz",
      "integrity": "sha512-EvCwcS9omZHhxp8XXiWwPMGq2ywGcU0VXeBr3DCibUMmfRkh8f8SxBWFSKMtw57HnK0tKYDhyhQV/vFERtRciQ=="
    }
  }
}
